
Microsoft Visual Studio Solution File, Format Version 12.00
# Visual Studio 15
VisualStudioVersion = 15.0.26430.16
MinimumVisualStudioVersion = 10.0.40219.1
Project("{FAE04EC0-301F-11D3-BF4B-00C04F79EFBC}") = "UnclaimedWorld", "UnclaimedWorld\UnclaimedWorld.csproj", "{E4660523-C1F5-46BA-89B5-0BB6FCE62770}"
	ProjectSection(ProjectDependencies) = postProject
		{B6147E9B-3E10-4771-91D8-C23156A2D927} = {B6147E9B-3E10-4771-91D8-C23156A2D927}
		{2418D7DD-B591-4CFD-8B58-B3F32BFC097F} = {2418D7DD-B591-4CFD-8B58-B3F32BFC097F}
	EndProjectSection
EndProject
Project("{FAE04EC0-301F-11D3-BF4B-00C04F79EFBC}") = "SpriteSheetPipeline", "SpriteSheetPipeline\SpriteSheetPipeline.csproj", "{A7D8B453-5852-4E44-BBAE-DC30A5871943}"
EndProject
Project("{FAE04EC0-301F-11D3-BF4B-00C04F79EFBC}") = "SpriteSheetRuntime", "SpriteSheetRuntime\SpriteSheetRuntime.csproj", "{2418D7DD-B591-4CFD-8B58-B3F32BFC097F}"
EndProject
Project("{FAE04EC0-301F-11D3-BF4B-00C04F79EFBC}") = "WindowSystem", "WindowSystem\WindowSystem.csproj", "{B6147E9B-3E10-4771-91D8-C23156A2D927}"
EndProject
Project("{FAE04EC0-301F-11D3-BF4B-00C04F79EFBC}") = "AnimationComponentRuntime", "AnimationComponentRuntime\AnimationComponentRuntime.csproj", "{5C7B14EB-2637-4DF5-A7B0-2A0D65BACC0A}"
EndProject
Project("{FAE04EC0-301F-11D3-BF4B-00C04F79EFBC}") = "AnimationComponentPipeline", "AnimationComponentPipeline\AnimationComponentPipeline.csproj", "{38A11C5A-DAE3-4BCD-8806-1FEFA8BCF406}"
EndProject
Project("{FAE04EC0-301F-11D3-BF4B-00C04F79EFBC}") = "Steamworks.NET", "Steamworks.NET\Standalone\Steamworks.NET.csproj", "{B3543600-587C-4FDC-994A-CB0BDC629A7E}"
EndProject
Project("{FAE04EC0-301F-11D3-BF4B-00C04F79EFBC}") = "RoundLine", "RoundLines\RoundLine.csproj", "{75544006-F436-4EAD-962D-56A3C0AEB06E}"
EndProject
Project("{FAE04EC0-301F-11D3-BF4B-00C04F79EFBC}") = "SpriteEffectsPipeline", "SpriteEffectsPipeline\SpriteEffectsPipeline.csproj", "{C5539D42-8A49-4641-8C90-71FDA6F6111E}"
EndProject
Project("{FAE04EC0-301F-11D3-BF4B-00C04F79EFBC}") = "InputEventSystem", "InputEventSystem\InputEventSystem.csproj", "{AD06BEF8-9E35-4C57-AD52-CDF21DE9937B}"
EndProject
Project("{FAE04EC0-301F-11D3-BF4B-00C04F79EFBC}") = "VehiclePipeline", "VehiclePipeline\VehiclePipeline.csproj", "{9834063F-E295-4549-9CD4-BDE7F472DB91}"
EndProject
Project("{FAE04EC0-301F-11D3-BF4B-00C04F79EFBC}") = "MonoGame.Framework.Windows", "..\MonoGame\MonoGame.Framework\MonoGame.Framework.Windows.csproj", "{7DE47032-A904-4C29-BD22-2D235E8D91BA}"
EndProject
Project("{FAE04EC0-301F-11D3-BF4B-00C04F79EFBC}") = "MonoGame.Framework.Content.Pipeline.Windows", "..\MonoGame\MonoGame.Framework.Content.Pipeline\MonoGame.Framework.Content.Pipeline.Windows.csproj", "{B950DE10-AC5D-4BD9-B817-51247C4A732D}"
EndProject
Global
	GlobalSection(SolutionConfigurationPlatforms) = preSolution
		Debug|Any CPU = Debug|Any CPU
		Debug|Mixed Platforms = Debug|Mixed Platforms
		Debug|x64 = Debug|x64
		Debug|x86 = Debug|x86
		OSX-Linux|Any CPU = OSX-Linux|Any CPU
		OSX-Linux|Mixed Platforms = OSX-Linux|Mixed Platforms
		OSX-Linux|x64 = OSX-Linux|x64
		OSX-Linux|x86 = OSX-Linux|x86
		Profile|Any CPU = Profile|Any CPU
		Profile|Mixed Platforms = Profile|Mixed Platforms
		Profile|x64 = Profile|x64
		Profile|x86 = Profile|x86
		Release|Any CPU = Release|Any CPU
		Release|Mixed Platforms = Release|Mixed Platforms
		Release|x64 = Release|x64
		Release|x86 = Release|x86
		Windows|Any CPU = Windows|Any CPU
		Windows|Mixed Platforms = Windows|Mixed Platforms
		Windows|x64 = Windows|x64
		Windows|x86 = Windows|x86
	EndGlobalSection
	GlobalSection(ProjectConfigurationPlatforms) = postSolution
		{E4660523-C1F5-46BA-89B5-0BB6FCE62770}.Debug|Any CPU.ActiveCfg = Debug|Any CPU
		{E4660523-C1F5-46BA-89B5-0BB6FCE62770}.Debug|Any CPU.Build.0 = Debug|Any CPU
		{E4660523-C1F5-46BA-89B5-0BB6FCE62770}.Debug|Mixed Platforms.ActiveCfg = Debug|Any CPU
		{E4660523-C1F5-46BA-89B5-0BB6FCE62770}.Debug|Mixed Platforms.Build.0 = Debug|Any CPU
		{E4660523-C1F5-46BA-89B5-0BB6FCE62770}.Debug|x64.ActiveCfg = Debug|x64
		{E4660523-C1F5-46BA-89B5-0BB6FCE62770}.Debug|x64.Build.0 = Debug|x64
		{E4660523-C1F5-46BA-89B5-0BB6FCE62770}.Debug|x86.ActiveCfg = Debug|x86
		{E4660523-C1F5-46BA-89B5-0BB6FCE62770}.Debug|x86.Build.0 = Debug|x86
		{E4660523-C1F5-46BA-89B5-0BB6FCE62770}.OSX-Linux|Any CPU.ActiveCfg = Debug 64 bit|x86
		{E4660523-C1F5-46BA-89B5-0BB6FCE62770}.OSX-Linux|Mixed Platforms.ActiveCfg = Debug 64 bit|x86
		{E4660523-C1F5-46BA-89B5-0BB6FCE62770}.OSX-Linux|Mixed Platforms.Build.0 = Debug 64 bit|x86
		{E4660523-C1F5-46BA-89B5-0BB6FCE62770}.OSX-Linux|x64.ActiveCfg = Debug 64 bit|x64
		{E4660523-C1F5-46BA-89B5-0BB6FCE62770}.OSX-Linux|x64.Build.0 = Debug 64 bit|x64
		{E4660523-C1F5-46BA-89B5-0BB6FCE62770}.OSX-Linux|x86.ActiveCfg = Debug 64 bit|x86
		{E4660523-C1F5-46BA-89B5-0BB6FCE62770}.OSX-Linux|x86.Build.0 = Debug 64 bit|x86
		{E4660523-C1F5-46BA-89B5-0BB6FCE62770}.Profile|Any CPU.ActiveCfg = Profile|Any CPU
		{E4660523-C1F5-46BA-89B5-0BB6FCE62770}.Profile|Any CPU.Build.0 = Profile|Any CPU
		{E4660523-C1F5-46BA-89B5-0BB6FCE62770}.Profile|Mixed Platforms.ActiveCfg = Profile|Any CPU
		{E4660523-C1F5-46BA-89B5-0BB6FCE62770}.Profile|Mixed Platforms.Build.0 = Profile|Any CPU
		{E4660523-C1F5-46BA-89B5-0BB6FCE62770}.Profile|x64.ActiveCfg = Profile|x64
		{E4660523-C1F5-46BA-89B5-0BB6FCE62770}.Profile|x64.Build.0 = Profile|x64
		{E4660523-C1F5-46BA-89B5-0BB6FCE62770}.Profile|x86.ActiveCfg = Profile|x86
		{E4660523-C1F5-46BA-89B5-0BB6FCE62770}.Profile|x86.Build.0 = Profile|x86
		{E4660523-C1F5-46BA-89B5-0BB6FCE62770}.Release|Any CPU.ActiveCfg = Release|Any CPU
		{E4660523-C1F5-46BA-89B5-0BB6FCE62770}.Release|Any CPU.Build.0 = Release|Any CPU
		{E4660523-C1F5-46BA-89B5-0BB6FCE62770}.Release|Mixed Platforms.ActiveCfg = Release|Any CPU
		{E4660523-C1F5-46BA-89B5-0BB6FCE62770}.Release|Mixed Platforms.Build.0 = Release|Any CPU
		{E4660523-C1F5-46BA-89B5-0BB6FCE62770}.Release|x64.ActiveCfg = Release|x64
		{E4660523-C1F5-46BA-89B5-0BB6FCE62770}.Release|x64.Build.0 = Release|x64
		{E4660523-C1F5-46BA-89B5-0BB6FCE62770}.Release|x86.ActiveCfg = Release|x86
		{E4660523-C1F5-46BA-89B5-0BB6FCE62770}.Release|x86.Build.0 = Release|x86
		{E4660523-C1F5-46BA-89B5-0BB6FCE62770}.Windows|Any CPU.ActiveCfg = Debug 64 bit|x86
		{E4660523-C1F5-46BA-89B5-0BB6FCE62770}.Windows|Mixed Platforms.ActiveCfg = Debug 64 bit|x86
		{E4660523-C1F5-46BA-89B5-0BB6FCE62770}.Windows|Mixed Platforms.Build.0 = Debug 64 bit|x86
		{E4660523-C1F5-46BA-89B5-0BB6FCE62770}.Windows|x64.ActiveCfg = Debug 64 bit|x64
		{E4660523-C1F5-46BA-89B5-0BB6FCE62770}.Windows|x64.Build.0 = Debug 64 bit|x64
		{E4660523-C1F5-46BA-89B5-0BB6FCE62770}.Windows|x86.ActiveCfg = Debug 64 bit|x86
		{E4660523-C1F5-46BA-89B5-0BB6FCE62770}.Windows|x86.Build.0 = Debug 64 bit|x86
		{A7D8B453-5852-4E44-BBAE-DC30A5871943}.Debug|Any CPU.ActiveCfg = Debug|Any CPU
		{A7D8B453-5852-4E44-BBAE-DC30A5871943}.Debug|Any CPU.Build.0 = Debug|Any CPU
		{A7D8B453-5852-4E44-BBAE-DC30A5871943}.Debug|Mixed Platforms.ActiveCfg = Debug|Any CPU
		{A7D8B453-5852-4E44-BBAE-DC30A5871943}.Debug|Mixed Platforms.Build.0 = Debug|Any CPU
		{A7D8B453-5852-4E44-BBAE-DC30A5871943}.Debug|x64.ActiveCfg = Debug|x64
		{A7D8B453-5852-4E44-BBAE-DC30A5871943}.Debug|x64.Build.0 = Debug|x64
		{A7D8B453-5852-4E44-BBAE-DC30A5871943}.Debug|x86.ActiveCfg = Debug|Any CPU
		{A7D8B453-5852-4E44-BBAE-DC30A5871943}.OSX-Linux|Any CPU.ActiveCfg = Release|Any CPU
		{A7D8B453-5852-4E44-BBAE-DC30A5871943}.OSX-Linux|Any CPU.Build.0 = Release|Any CPU
		{A7D8B453-5852-4E44-BBAE-DC30A5871943}.OSX-Linux|Mixed Platforms.ActiveCfg = Release|Any CPU
		{A7D8B453-5852-4E44-BBAE-DC30A5871943}.OSX-Linux|Mixed Platforms.Build.0 = Release|Any CPU
		{A7D8B453-5852-4E44-BBAE-DC30A5871943}.OSX-Linux|x64.ActiveCfg = Release|x64
		{A7D8B453-5852-4E44-BBAE-DC30A5871943}.OSX-Linux|x64.Build.0 = Release|x64
		{A7D8B453-5852-4E44-BBAE-DC30A5871943}.OSX-Linux|x86.ActiveCfg = Release|Any CPU
		{A7D8B453-5852-4E44-BBAE-DC30A5871943}.Profile|Any CPU.ActiveCfg = Profile|Any CPU
		{A7D8B453-5852-4E44-BBAE-DC30A5871943}.Profile|Any CPU.Build.0 = Profile|Any CPU
		{A7D8B453-5852-4E44-BBAE-DC30A5871943}.Profile|Mixed Platforms.ActiveCfg = Profile|Any CPU
		{A7D8B453-5852-4E44-BBAE-DC30A5871943}.Profile|Mixed Platforms.Build.0 = Profile|Any CPU
		{A7D8B453-5852-4E44-BBAE-DC30A5871943}.Profile|x64.ActiveCfg = Profile|x64
		{A7D8B453-5852-4E44-BBAE-DC30A5871943}.Profile|x64.Build.0 = Profile|x64
		{A7D8B453-5852-4E44-BBAE-DC30A5871943}.Profile|x86.ActiveCfg = Profile|Any CPU
		{A7D8B453-5852-4E44-BBAE-DC30A5871943}.Release|Any CPU.ActiveCfg = Release|Any CPU
		{A7D8B453-5852-4E44-BBAE-DC30A5871943}.Release|Any CPU.Build.0 = Release|Any CPU
		{A7D8B453-5852-4E44-BBAE-DC30A5871943}.Release|Mixed Platforms.ActiveCfg = Release|Any CPU
		{A7D8B453-5852-4E44-BBAE-DC30A5871943}.Release|Mixed Platforms.Build.0 = Release|Any CPU
		{A7D8B453-5852-4E44-BBAE-DC30A5871943}.Release|x64.ActiveCfg = Release|Any CPU
		{A7D8B453-5852-4E44-BBAE-DC30A5871943}.Release|x86.ActiveCfg = Release|Any CPU
		{A7D8B453-5852-4E44-BBAE-DC30A5871943}.Windows|Any CPU.ActiveCfg = Release|Any CPU
		{A7D8B453-5852-4E44-BBAE-DC30A5871943}.Windows|Any CPU.Build.0 = Release|Any CPU
		{A7D8B453-5852-4E44-BBAE-DC30A5871943}.Windows|Mixed Platforms.ActiveCfg = Release|Any CPU
		{A7D8B453-5852-4E44-BBAE-DC30A5871943}.Windows|Mixed Platforms.Build.0 = Release|Any CPU
		{A7D8B453-5852-4E44-BBAE-DC30A5871943}.Windows|x64.ActiveCfg = Release|x64
		{A7D8B453-5852-4E44-BBAE-DC30A5871943}.Windows|x64.Build.0 = Release|x64
		{A7D8B453-5852-4E44-BBAE-DC30A5871943}.Windows|x86.ActiveCfg = Release|Any CPU
		{2418D7DD-B591-4CFD-8B58-B3F32BFC097F}.Debug|Any CPU.ActiveCfg = Debug|Any CPU
		{2418D7DD-B591-4CFD-8B58-B3F32BFC097F}.Debug|Any CPU.Build.0 = Debug|Any CPU
		{2418D7DD-B591-4CFD-8B58-B3F32BFC097F}.Debug|Mixed Platforms.ActiveCfg = Debug|Any CPU
		{2418D7DD-B591-4CFD-8B58-B3F32BFC097F}.Debug|Mixed Platforms.Build.0 = Debug|Any CPU
		{2418D7DD-B591-4CFD-8B58-B3F32BFC097F}.Debug|x64.ActiveCfg = Debug|x64
		{2418D7DD-B591-4CFD-8B58-B3F32BFC097F}.Debug|x64.Build.0 = Debug|x64
		{2418D7DD-B591-4CFD-8B58-B3F32BFC097F}.Debug|x86.ActiveCfg = Debug|Any CPU
		{2418D7DD-B591-4CFD-8B58-B3F32BFC097F}.OSX-Linux|Any CPU.ActiveCfg = Release|Any CPU
		{2418D7DD-B591-4CFD-8B58-B3F32BFC097F}.OSX-Linux|Any CPU.Build.0 = Release|Any CPU
		{2418D7DD-B591-4CFD-8B58-B3F32BFC097F}.OSX-Linux|Mixed Platforms.ActiveCfg = Release|Any CPU
		{2418D7DD-B591-4CFD-8B58-B3F32BFC097F}.OSX-Linux|Mixed Platforms.Build.0 = Release|Any CPU
		{2418D7DD-B591-4CFD-8B58-B3F32BFC097F}.OSX-Linux|x64.ActiveCfg = Release|x64
		{2418D7DD-B591-4CFD-8B58-B3F32BFC097F}.OSX-Linux|x64.Build.0 = Release|x64
		{2418D7DD-B591-4CFD-8B58-B3F32BFC097F}.OSX-Linux|x86.ActiveCfg = Release|Any CPU
		{2418D7DD-B591-4CFD-8B58-B3F32BFC097F}.Profile|Any CPU.ActiveCfg = Profile|Any CPU
		{2418D7DD-B591-4CFD-8B58-B3F32BFC097F}.Profile|Any CPU.Build.0 = Profile|Any CPU
		{2418D7DD-B591-4CFD-8B58-B3F32BFC097F}.Profile|Mixed Platforms.ActiveCfg = Profile|Any CPU
		{2418D7DD-B591-4CFD-8B58-B3F32BFC097F}.Profile|Mixed Platforms.Build.0 = Profile|Any CPU
		{2418D7DD-B591-4CFD-8B58-B3F32BFC097F}.Profile|x64.ActiveCfg = Profile|x64
		{2418D7DD-B591-4CFD-8B58-B3F32BFC097F}.Profile|x64.Build.0 = Profile|x64
		{2418D7DD-B591-4CFD-8B58-B3F32BFC097F}.Profile|x86.ActiveCfg = Profile|Any CPU
		{2418D7DD-B591-4CFD-8B58-B3F32BFC097F}.Release|Any CPU.ActiveCfg = Release|Any CPU
		{2418D7DD-B591-4CFD-8B58-B3F32BFC097F}.Release|Any CPU.Build.0 = Release|Any CPU
		{2418D7DD-B591-4CFD-8B58-B3F32BFC097F}.Release|Mixed Platforms.ActiveCfg = Release|Any CPU
		{2418D7DD-B591-4CFD-8B58-B3F32BFC097F}.Release|Mixed Platforms.Build.0 = Release|Any CPU
		{2418D7DD-B591-4CFD-8B58-B3F32BFC097F}.Release|x64.ActiveCfg = Release|Any CPU
		{2418D7DD-B591-4CFD-8B58-B3F32BFC097F}.Release|x86.ActiveCfg = Release|Any CPU
		{2418D7DD-B591-4CFD-8B58-B3F32BFC097F}.Windows|Any CPU.ActiveCfg = Release|Any CPU
		{2418D7DD-B591-4CFD-8B58-B3F32BFC097F}.Windows|Any CPU.Build.0 = Release|Any CPU
		{2418D7DD-B591-4CFD-8B58-B3F32BFC097F}.Windows|Mixed Platforms.ActiveCfg = Release|Any CPU
		{2418D7DD-B591-4CFD-8B58-B3F32BFC097F}.Windows|Mixed Platforms.Build.0 = Release|Any CPU
		{2418D7DD-B591-4CFD-8B58-B3F32BFC097F}.Windows|x64.ActiveCfg = Release|x64
		{2418D7DD-B591-4CFD-8B58-B3F32BFC097F}.Windows|x64.Build.0 = Release|x64
		{2418D7DD-B591-4CFD-8B58-B3F32BFC097F}.Windows|x86.ActiveCfg = Release|Any CPU
		{B6147E9B-3E10-4771-91D8-C23156A2D927}.Debug|Any CPU.ActiveCfg = Debug|Any CPU
		{B6147E9B-3E10-4771-91D8-C23156A2D927}.Debug|Any CPU.Build.0 = Debug|Any CPU
		{B6147E9B-3E10-4771-91D8-C23156A2D927}.Debug|Mixed Platforms.ActiveCfg = Debug|Any CPU
		{B6147E9B-3E10-4771-91D8-C23156A2D927}.Debug|Mixed Platforms.Build.0 = Debug|Any CPU
		{B6147E9B-3E10-4771-91D8-C23156A2D927}.Debug|x64.ActiveCfg = Debug|x64
		{B6147E9B-3E10-4771-91D8-C23156A2D927}.Debug|x64.Build.0 = Debug|x64
		{B6147E9B-3E10-4771-91D8-C23156A2D927}.Debug|x86.ActiveCfg = Debug|x86
		{B6147E9B-3E10-4771-91D8-C23156A2D927}.Debug|x86.Build.0 = Debug|x86
		{B6147E9B-3E10-4771-91D8-C23156A2D927}.OSX-Linux|Any CPU.ActiveCfg = Release|x86
		{B6147E9B-3E10-4771-91D8-C23156A2D927}.OSX-Linux|Mixed Platforms.ActiveCfg = Release|x86
		{B6147E9B-3E10-4771-91D8-C23156A2D927}.OSX-Linux|Mixed Platforms.Build.0 = Release|x86
		{B6147E9B-3E10-4771-91D8-C23156A2D927}.OSX-Linux|x64.ActiveCfg = Release|x64
		{B6147E9B-3E10-4771-91D8-C23156A2D927}.OSX-Linux|x64.Build.0 = Release|x64
		{B6147E9B-3E10-4771-91D8-C23156A2D927}.OSX-Linux|x86.ActiveCfg = Release|x86
		{B6147E9B-3E10-4771-91D8-C23156A2D927}.OSX-Linux|x86.Build.0 = Release|x86
		{B6147E9B-3E10-4771-91D8-C23156A2D927}.Profile|Any CPU.ActiveCfg = Profile|Any CPU
		{B6147E9B-3E10-4771-91D8-C23156A2D927}.Profile|Any CPU.Build.0 = Profile|Any CPU
		{B6147E9B-3E10-4771-91D8-C23156A2D927}.Profile|Mixed Platforms.ActiveCfg = Profile|Any CPU
		{B6147E9B-3E10-4771-91D8-C23156A2D927}.Profile|Mixed Platforms.Build.0 = Profile|Any CPU
		{B6147E9B-3E10-4771-91D8-C23156A2D927}.Profile|x64.ActiveCfg = Profile|x64
		{B6147E9B-3E10-4771-91D8-C23156A2D927}.Profile|x64.Build.0 = Profile|x64
		{B6147E9B-3E10-4771-91D8-C23156A2D927}.Profile|x86.ActiveCfg = Profile|x86
		{B6147E9B-3E10-4771-91D8-C23156A2D927}.Profile|x86.Build.0 = Profile|x86
		{B6147E9B-3E10-4771-91D8-C23156A2D927}.Release|Any CPU.ActiveCfg = Release|Any CPU
		{B6147E9B-3E10-4771-91D8-C23156A2D927}.Release|Any CPU.Build.0 = Release|Any CPU
		{B6147E9B-3E10-4771-91D8-C23156A2D927}.Release|Mixed Platforms.ActiveCfg = Release|Any CPU
		{B6147E9B-3E10-4771-91D8-C23156A2D927}.Release|Mixed Platforms.Build.0 = Release|Any CPU
		{B6147E9B-3E10-4771-91D8-C23156A2D927}.Release|x64.ActiveCfg = Release|x86
		{B6147E9B-3E10-4771-91D8-C23156A2D927}.Release|x86.ActiveCfg = Release|x86
		{B6147E9B-3E10-4771-91D8-C23156A2D927}.Release|x86.Build.0 = Release|x86
		{B6147E9B-3E10-4771-91D8-C23156A2D927}.Windows|Any CPU.ActiveCfg = Release|x86
		{B6147E9B-3E10-4771-91D8-C23156A2D927}.Windows|Mixed Platforms.ActiveCfg = Release|x86
		{B6147E9B-3E10-4771-91D8-C23156A2D927}.Windows|Mixed Platforms.Build.0 = Release|x86
		{B6147E9B-3E10-4771-91D8-C23156A2D927}.Windows|x64.ActiveCfg = Release|x64
		{B6147E9B-3E10-4771-91D8-C23156A2D927}.Windows|x64.Build.0 = Release|x64
		{B6147E9B-3E10-4771-91D8-C23156A2D927}.Windows|x86.ActiveCfg = Release|x86
		{B6147E9B-3E10-4771-91D8-C23156A2D927}.Windows|x86.Build.0 = Release|x86
		{5C7B14EB-2637-4DF5-A7B0-2A0D65BACC0A}.Debug|Any CPU.ActiveCfg = Debug|Any CPU
		{5C7B14EB-2637-4DF5-A7B0-2A0D65BACC0A}.Debug|Any CPU.Build.0 = Debug|Any CPU
		{5C7B14EB-2637-4DF5-A7B0-2A0D65BACC0A}.Debug|Mixed Platforms.ActiveCfg = Debug|Any CPU
		{5C7B14EB-2637-4DF5-A7B0-2A0D65BACC0A}.Debug|Mixed Platforms.Build.0 = Debug|Any CPU
		{5C7B14EB-2637-4DF5-A7B0-2A0D65BACC0A}.Debug|x64.ActiveCfg = Debug|x64
		{5C7B14EB-2637-4DF5-A7B0-2A0D65BACC0A}.Debug|x64.Build.0 = Debug|x64
		{5C7B14EB-2637-4DF5-A7B0-2A0D65BACC0A}.Debug|x86.ActiveCfg = Debug|Any CPU
		{5C7B14EB-2637-4DF5-A7B0-2A0D65BACC0A}.OSX-Linux|Any CPU.ActiveCfg = Release|Any CPU
		{5C7B14EB-2637-4DF5-A7B0-2A0D65BACC0A}.OSX-Linux|Any CPU.Build.0 = Release|Any CPU
		{5C7B14EB-2637-4DF5-A7B0-2A0D65BACC0A}.OSX-Linux|Mixed Platforms.ActiveCfg = Release|Any CPU
		{5C7B14EB-2637-4DF5-A7B0-2A0D65BACC0A}.OSX-Linux|Mixed Platforms.Build.0 = Release|Any CPU
		{5C7B14EB-2637-4DF5-A7B0-2A0D65BACC0A}.OSX-Linux|x64.ActiveCfg = Release|x64
		{5C7B14EB-2637-4DF5-A7B0-2A0D65BACC0A}.OSX-Linux|x64.Build.0 = Release|x64
		{5C7B14EB-2637-4DF5-A7B0-2A0D65BACC0A}.OSX-Linux|x86.ActiveCfg = Release|Any CPU
		{5C7B14EB-2637-4DF5-A7B0-2A0D65BACC0A}.Profile|Any CPU.ActiveCfg = Profile|Any CPU
		{5C7B14EB-2637-4DF5-A7B0-2A0D65BACC0A}.Profile|Any CPU.Build.0 = Profile|Any CPU
		{5C7B14EB-2637-4DF5-A7B0-2A0D65BACC0A}.Profile|Mixed Platforms.ActiveCfg = Profile|Any CPU
		{5C7B14EB-2637-4DF5-A7B0-2A0D65BACC0A}.Profile|Mixed Platforms.Build.0 = Profile|Any CPU
		{5C7B14EB-2637-4DF5-A7B0-2A0D65BACC0A}.Profile|x64.ActiveCfg = Profile|x64
		{5C7B14EB-2637-4DF5-A7B0-2A0D65BACC0A}.Profile|x64.Build.0 = Profile|x64
		{5C7B14EB-2637-4DF5-A7B0-2A0D65BACC0A}.Profile|x86.ActiveCfg = Profile|Any CPU
		{5C7B14EB-2637-4DF5-A7B0-2A0D65BACC0A}.Release|Any CPU.ActiveCfg = Release|Any CPU
		{5C7B14EB-2637-4DF5-A7B0-2A0D65BACC0A}.Release|Any CPU.Build.0 = Release|Any CPU
		{5C7B14EB-2637-4DF5-A7B0-2A0D65BACC0A}.Release|Mixed Platforms.ActiveCfg = Release|Any CPU
		{5C7B14EB-2637-4DF5-A7B0-2A0D65BACC0A}.Release|Mixed Platforms.Build.0 = Release|Any CPU
		{5C7B14EB-2637-4DF5-A7B0-2A0D65BACC0A}.Release|x64.ActiveCfg = Release|Any CPU
		{5C7B14EB-2637-4DF5-A7B0-2A0D65BACC0A}.Release|x86.ActiveCfg = Release|Any CPU
		{5C7B14EB-2637-4DF5-A7B0-2A0D65BACC0A}.Windows|Any CPU.ActiveCfg = Release|Any CPU
		{5C7B14EB-2637-4DF5-A7B0-2A0D65BACC0A}.Windows|Any CPU.Build.0 = Release|Any CPU
		{5C7B14EB-2637-4DF5-A7B0-2A0D65BACC0A}.Windows|Mixed Platforms.ActiveCfg = Release|Any CPU
		{5C7B14EB-2637-4DF5-A7B0-2A0D65BACC0A}.Windows|Mixed Platforms.Build.0 = Release|Any CPU
		{5C7B14EB-2637-4DF5-A7B0-2A0D65BACC0A}.Windows|x64.ActiveCfg = Release|x64
		{5C7B14EB-2637-4DF5-A7B0-2A0D65BACC0A}.Windows|x64.Build.0 = Release|x64
		{5C7B14EB-2637-4DF5-A7B0-2A0D65BACC0A}.Windows|x86.ActiveCfg = Release|Any CPU
		{38A11C5A-DAE3-4BCD-8806-1FEFA8BCF406}.Debug|Any CPU.ActiveCfg = Debug|Any CPU
		{38A11C5A-DAE3-4BCD-8806-1FEFA8BCF406}.Debug|Any CPU.Build.0 = Debug|Any CPU
		{38A11C5A-DAE3-4BCD-8806-1FEFA8BCF406}.Debug|Mixed Platforms.ActiveCfg = Debug|Any CPU
		{38A11C5A-DAE3-4BCD-8806-1FEFA8BCF406}.Debug|Mixed Platforms.Build.0 = Debug|Any CPU
		{38A11C5A-DAE3-4BCD-8806-1FEFA8BCF406}.Debug|x64.ActiveCfg = Debug|x64
		{38A11C5A-DAE3-4BCD-8806-1FEFA8BCF406}.Debug|x64.Build.0 = Debug|x64
		{38A11C5A-DAE3-4BCD-8806-1FEFA8BCF406}.Debug|x86.ActiveCfg = Debug|Any CPU
		{38A11C5A-DAE3-4BCD-8806-1FEFA8BCF406}.OSX-Linux|Any CPU.ActiveCfg = Release|Any CPU
		{38A11C5A-DAE3-4BCD-8806-1FEFA8BCF406}.OSX-Linux|Any CPU.Build.0 = Release|Any CPU
		{38A11C5A-DAE3-4BCD-8806-1FEFA8BCF406}.OSX-Linux|Mixed Platforms.ActiveCfg = Release|Any CPU
		{38A11C5A-DAE3-4BCD-8806-1FEFA8BCF406}.OSX-Linux|Mixed Platforms.Build.0 = Release|Any CPU
		{38A11C5A-DAE3-4BCD-8806-1FEFA8BCF406}.OSX-Linux|x64.ActiveCfg = Release|Any CPU
		{38A11C5A-DAE3-4BCD-8806-1FEFA8BCF406}.OSX-Linux|x86.ActiveCfg = Release|Any CPU
		{38A11C5A-DAE3-4BCD-8806-1FEFA8BCF406}.Profile|Any CPU.ActiveCfg = Profile|Any CPU
		{38A11C5A-DAE3-4BCD-8806-1FEFA8BCF406}.Profile|Any CPU.Build.0 = Profile|Any CPU
		{38A11C5A-DAE3-4BCD-8806-1FEFA8BCF406}.Profile|Mixed Platforms.ActiveCfg = Profile|Any CPU
		{38A11C5A-DAE3-4BCD-8806-1FEFA8BCF406}.Profile|Mixed Platforms.Build.0 = Profile|Any CPU
		{38A11C5A-DAE3-4BCD-8806-1FEFA8BCF406}.Profile|x64.ActiveCfg = Profile|x64
		{38A11C5A-DAE3-4BCD-8806-1FEFA8BCF406}.Profile|x64.Build.0 = Profile|x64
		{38A11C5A-DAE3-4BCD-8806-1FEFA8BCF406}.Profile|x86.ActiveCfg = Profile|Any CPU
		{38A11C5A-DAE3-4BCD-8806-1FEFA8BCF406}.Release|Any CPU.ActiveCfg = Release|Any CPU
		{38A11C5A-DAE3-4BCD-8806-1FEFA8BCF406}.Release|Any CPU.Build.0 = Release|Any CPU
		{38A11C5A-DAE3-4BCD-8806-1FEFA8BCF406}.Release|Mixed Platforms.ActiveCfg = Release|Any CPU
		{38A11C5A-DAE3-4BCD-8806-1FEFA8BCF406}.Release|Mixed Platforms.Build.0 = Release|Any CPU
		{38A11C5A-DAE3-4BCD-8806-1FEFA8BCF406}.Release|x64.ActiveCfg = Release|Any CPU
		{38A11C5A-DAE3-4BCD-8806-1FEFA8BCF406}.Release|x86.ActiveCfg = Release|Any CPU
		{38A11C5A-DAE3-4BCD-8806-1FEFA8BCF406}.Windows|Any CPU.ActiveCfg = Release|Any CPU
		{38A11C5A-DAE3-4BCD-8806-1FEFA8BCF406}.Windows|Any CPU.Build.0 = Release|Any CPU
		{38A11C5A-DAE3-4BCD-8806-1FEFA8BCF406}.Windows|Mixed Platforms.ActiveCfg = Release|Any CPU
		{38A11C5A-DAE3-4BCD-8806-1FEFA8BCF406}.Windows|Mixed Platforms.Build.0 = Release|Any CPU
		{38A11C5A-DAE3-4BCD-8806-1FEFA8BCF406}.Windows|x64.ActiveCfg = Release|Any CPU
		{38A11C5A-DAE3-4BCD-8806-1FEFA8BCF406}.Windows|x86.ActiveCfg = Release|Any CPU
		{B3543600-587C-4FDC-994A-CB0BDC629A7E}.Debug|Any CPU.ActiveCfg = Windows|Any CPU
		{B3543600-587C-4FDC-994A-CB0BDC629A7E}.Debug|Any CPU.Build.0 = Windows|Any CPU
		{B3543600-587C-4FDC-994A-CB0BDC629A7E}.Debug|Mixed Platforms.ActiveCfg = Windows|Any CPU
		{B3543600-587C-4FDC-994A-CB0BDC629A7E}.Debug|Mixed Platforms.Build.0 = Windows|Any CPU
		{B3543600-587C-4FDC-994A-CB0BDC629A7E}.Debug|x64.ActiveCfg = OSX-Linux|x64
		{B3543600-587C-4FDC-994A-CB0BDC629A7E}.Debug|x64.Build.0 = OSX-Linux|x64
		{B3543600-587C-4FDC-994A-CB0BDC629A7E}.Debug|x86.ActiveCfg = OSX-Linux|x86
		{B3543600-587C-4FDC-994A-CB0BDC629A7E}.Debug|x86.Build.0 = OSX-Linux|x86
		{B3543600-587C-4FDC-994A-CB0BDC629A7E}.OSX-Linux|Any CPU.ActiveCfg = OSX-Linux|Any CPU
		{B3543600-587C-4FDC-994A-CB0BDC629A7E}.OSX-Linux|Any CPU.Build.0 = OSX-Linux|Any CPU
		{B3543600-587C-4FDC-994A-CB0BDC629A7E}.OSX-Linux|Mixed Platforms.ActiveCfg = OSX-Linux|x86
		{B3543600-587C-4FDC-994A-CB0BDC629A7E}.OSX-Linux|Mixed Platforms.Build.0 = OSX-Linux|x86
		{B3543600-587C-4FDC-994A-CB0BDC629A7E}.OSX-Linux|x64.ActiveCfg = OSX-Linux|x64
		{B3543600-587C-4FDC-994A-CB0BDC629A7E}.OSX-Linux|x64.Build.0 = OSX-Linux|x64
		{B3543600-587C-4FDC-994A-CB0BDC629A7E}.OSX-Linux|x86.ActiveCfg = OSX-Linux|x86
		{B3543600-587C-4FDC-994A-CB0BDC629A7E}.OSX-Linux|x86.Build.0 = OSX-Linux|x86
		{B3543600-587C-4FDC-994A-CB0BDC629A7E}.Profile|Any CPU.ActiveCfg = Profile|Any CPU
		{B3543600-587C-4FDC-994A-CB0BDC629A7E}.Profile|Any CPU.Build.0 = Profile|Any CPU
		{B3543600-587C-4FDC-994A-CB0BDC629A7E}.Profile|Mixed Platforms.ActiveCfg = Profile|Any CPU
		{B3543600-587C-4FDC-994A-CB0BDC629A7E}.Profile|Mixed Platforms.Build.0 = Profile|Any CPU
		{B3543600-587C-4FDC-994A-CB0BDC629A7E}.Profile|x64.ActiveCfg = Profile|x64
		{B3543600-587C-4FDC-994A-CB0BDC629A7E}.Profile|x64.Build.0 = Profile|x64
		{B3543600-587C-4FDC-994A-CB0BDC629A7E}.Profile|x86.ActiveCfg = Profile|x86
		{B3543600-587C-4FDC-994A-CB0BDC629A7E}.Profile|x86.Build.0 = Profile|x86
		{B3543600-587C-4FDC-994A-CB0BDC629A7E}.Release|Any CPU.ActiveCfg = Windows|Any CPU
		{B3543600-587C-4FDC-994A-CB0BDC629A7E}.Release|Any CPU.Build.0 = Windows|Any CPU
		{B3543600-587C-4FDC-994A-CB0BDC629A7E}.Release|Mixed Platforms.ActiveCfg = Windows|Any CPU
		{B3543600-587C-4FDC-994A-CB0BDC629A7E}.Release|Mixed Platforms.Build.0 = Windows|Any CPU
		{B3543600-587C-4FDC-994A-CB0BDC629A7E}.Release|x64.ActiveCfg = OSX-Linux|x64
		{B3543600-587C-4FDC-994A-CB0BDC629A7E}.Release|x64.Build.0 = OSX-Linux|x64
		{B3543600-587C-4FDC-994A-CB0BDC629A7E}.Release|x86.ActiveCfg = OSX-Linux|x86
		{B3543600-587C-4FDC-994A-CB0BDC629A7E}.Release|x86.Build.0 = OSX-Linux|x86
		{B3543600-587C-4FDC-994A-CB0BDC629A7E}.Windows|Any CPU.ActiveCfg = Windows|Any CPU
		{B3543600-587C-4FDC-994A-CB0BDC629A7E}.Windows|Any CPU.Build.0 = Windows|Any CPU
		{B3543600-587C-4FDC-994A-CB0BDC629A7E}.Windows|Mixed Platforms.ActiveCfg = Windows|x86
		{B3543600-587C-4FDC-994A-CB0BDC629A7E}.Windows|Mixed Platforms.Build.0 = Windows|x86
		{B3543600-587C-4FDC-994A-CB0BDC629A7E}.Windows|x64.ActiveCfg = Windows|x64
		{B3543600-587C-4FDC-994A-CB0BDC629A7E}.Windows|x64.Build.0 = Windows|x64
		{B3543600-587C-4FDC-994A-CB0BDC629A7E}.Windows|x86.ActiveCfg = Windows|x86
		{B3543600-587C-4FDC-994A-CB0BDC629A7E}.Windows|x86.Build.0 = Windows|x86
		{75544006-F436-4EAD-962D-56A3C0AEB06E}.Debug|Any CPU.ActiveCfg = Debug|Any CPU
		{75544006-F436-4EAD-962D-56A3C0AEB06E}.Debug|Any CPU.Build.0 = Debug|Any CPU
		{75544006-F436-4EAD-962D-56A3C0AEB06E}.Debug|Mixed Platforms.ActiveCfg = Debug|Any CPU
		{75544006-F436-4EAD-962D-56A3C0AEB06E}.Debug|Mixed Platforms.Build.0 = Debug|Any CPU
		{75544006-F436-4EAD-962D-56A3C0AEB06E}.Debug|x64.ActiveCfg = Debug|x64
		{75544006-F436-4EAD-962D-56A3C0AEB06E}.Debug|x64.Build.0 = Debug|x64
		{75544006-F436-4EAD-962D-56A3C0AEB06E}.Debug|x86.ActiveCfg = Debug|Any CPU
		{75544006-F436-4EAD-962D-56A3C0AEB06E}.OSX-Linux|Any CPU.ActiveCfg = Release|Any CPU
		{75544006-F436-4EAD-962D-56A3C0AEB06E}.OSX-Linux|Any CPU.Build.0 = Release|Any CPU
		{75544006-F436-4EAD-962D-56A3C0AEB06E}.OSX-Linux|Mixed Platforms.ActiveCfg = Release|Any CPU
		{75544006-F436-4EAD-962D-56A3C0AEB06E}.OSX-Linux|Mixed Platforms.Build.0 = Release|Any CPU
		{75544006-F436-4EAD-962D-56A3C0AEB06E}.OSX-Linux|x64.ActiveCfg = Release|Any CPU
		{75544006-F436-4EAD-962D-56A3C0AEB06E}.OSX-Linux|x86.ActiveCfg = Release|Any CPU
		{75544006-F436-4EAD-962D-56A3C0AEB06E}.Profile|Any CPU.ActiveCfg = Profile|Any CPU
		{75544006-F436-4EAD-962D-56A3C0AEB06E}.Profile|Any CPU.Build.0 = Profile|Any CPU
		{75544006-F436-4EAD-962D-56A3C0AEB06E}.Profile|Mixed Platforms.ActiveCfg = Profile|Any CPU
		{75544006-F436-4EAD-962D-56A3C0AEB06E}.Profile|Mixed Platforms.Build.0 = Profile|Any CPU
		{75544006-F436-4EAD-962D-56A3C0AEB06E}.Profile|x64.ActiveCfg = Profile|x64
		{75544006-F436-4EAD-962D-56A3C0AEB06E}.Profile|x64.Build.0 = Profile|x64
		{75544006-F436-4EAD-962D-56A3C0AEB06E}.Profile|x86.ActiveCfg = Profile|Any CPU
		{75544006-F436-4EAD-962D-56A3C0AEB06E}.Release|Any CPU.ActiveCfg = Release|Any CPU
		{75544006-F436-4EAD-962D-56A3C0AEB06E}.Release|Any CPU.Build.0 = Release|Any CPU
		{75544006-F436-4EAD-962D-56A3C0AEB06E}.Release|Mixed Platforms.ActiveCfg = Release|Any CPU
		{75544006-F436-4EAD-962D-56A3C0AEB06E}.Release|Mixed Platforms.Build.0 = Release|Any CPU
		{75544006-F436-4EAD-962D-56A3C0AEB06E}.Release|x64.ActiveCfg = Release|Any CPU
		{75544006-F436-4EAD-962D-56A3C0AEB06E}.Release|x86.ActiveCfg = Release|Any CPU
		{75544006-F436-4EAD-962D-56A3C0AEB06E}.Windows|Any CPU.ActiveCfg = Release|Any CPU
		{75544006-F436-4EAD-962D-56A3C0AEB06E}.Windows|Any CPU.Build.0 = Release|Any CPU
		{75544006-F436-4EAD-962D-56A3C0AEB06E}.Windows|Mixed Platforms.ActiveCfg = Release|Any CPU
		{75544006-F436-4EAD-962D-56A3C0AEB06E}.Windows|Mixed Platforms.Build.0 = Release|Any CPU
		{75544006-F436-4EAD-962D-56A3C0AEB06E}.Windows|x64.ActiveCfg = Release|Any CPU
		{75544006-F436-4EAD-962D-56A3C0AEB06E}.Windows|x86.ActiveCfg = Release|Any CPU
		{C5539D42-8A49-4641-8C90-71FDA6F6111E}.Debug|Any CPU.ActiveCfg = Debug|Any CPU
		{C5539D42-8A49-4641-8C90-71FDA6F6111E}.Debug|Any CPU.Build.0 = Debug|Any CPU
		{C5539D42-8A49-4641-8C90-71FDA6F6111E}.Debug|Mixed Platforms.ActiveCfg = Debug|Any CPU
		{C5539D42-8A49-4641-8C90-71FDA6F6111E}.Debug|Mixed Platforms.Build.0 = Debug|Any CPU
		{C5539D42-8A49-4641-8C90-71FDA6F6111E}.Debug|x64.ActiveCfg = Debug|x64
		{C5539D42-8A49-4641-8C90-71FDA6F6111E}.Debug|x64.Build.0 = Debug|x64
		{C5539D42-8A49-4641-8C90-71FDA6F6111E}.Debug|x86.ActiveCfg = Debug|Any CPU
		{C5539D42-8A49-4641-8C90-71FDA6F6111E}.OSX-Linux|Any CPU.ActiveCfg = Release|Any CPU
		{C5539D42-8A49-4641-8C90-71FDA6F6111E}.OSX-Linux|Any CPU.Build.0 = Release|Any CPU
		{C5539D42-8A49-4641-8C90-71FDA6F6111E}.OSX-Linux|Mixed Platforms.ActiveCfg = Release|Any CPU
		{C5539D42-8A49-4641-8C90-71FDA6F6111E}.OSX-Linux|Mixed Platforms.Build.0 = Release|Any CPU
		{C5539D42-8A49-4641-8C90-71FDA6F6111E}.OSX-Linux|x64.ActiveCfg = Release|Any CPU
		{C5539D42-8A49-4641-8C90-71FDA6F6111E}.OSX-Linux|x86.ActiveCfg = Release|Any CPU
		{C5539D42-8A49-4641-8C90-71FDA6F6111E}.Profile|Any CPU.ActiveCfg = Profile|Any CPU
		{C5539D42-8A49-4641-8C90-71FDA6F6111E}.Profile|Any CPU.Build.0 = Profile|Any CPU
		{C5539D42-8A49-4641-8C90-71FDA6F6111E}.Profile|Mixed Platforms.ActiveCfg = Profile|Any CPU
		{C5539D42-8A49-4641-8C90-71FDA6F6111E}.Profile|Mixed Platforms.Build.0 = Profile|Any CPU
		{C5539D42-8A49-4641-8C90-71FDA6F6111E}.Profile|x64.ActiveCfg = Profile|x64
		{C5539D42-8A49-4641-8C90-71FDA6F6111E}.Profile|x64.Build.0 = Profile|x64
		{C5539D42-8A49-4641-8C90-71FDA6F6111E}.Profile|x86.ActiveCfg = Profile|Any CPU
		{C5539D42-8A49-4641-8C90-71FDA6F6111E}.Release|Any CPU.ActiveCfg = Release|Any CPU
		{C5539D42-8A49-4641-8C90-71FDA6F6111E}.Release|Any CPU.Build.0 = Release|Any CPU
		{C5539D42-8A49-4641-8C90-71FDA6F6111E}.Release|Mixed Platforms.ActiveCfg = Release|Any CPU
		{C5539D42-8A49-4641-8C90-71FDA6F6111E}.Release|Mixed Platforms.Build.0 = Release|Any CPU
		{C5539D42-8A49-4641-8C90-71FDA6F6111E}.Release|x64.ActiveCfg = Release|Any CPU
		{C5539D42-8A49-4641-8C90-71FDA6F6111E}.Release|x86.ActiveCfg = Release|Any CPU
		{C5539D42-8A49-4641-8C90-71FDA6F6111E}.Windows|Any CPU.ActiveCfg = Release|Any CPU
		{C5539D42-8A49-4641-8C90-71FDA6F6111E}.Windows|Any CPU.Build.0 = Release|Any CPU
		{C5539D42-8A49-4641-8C90-71FDA6F6111E}.Windows|Mixed Platforms.ActiveCfg = Release|Any CPU
		{C5539D42-8A49-4641-8C90-71FDA6F6111E}.Windows|Mixed Platforms.Build.0 = Release|Any CPU
		{C5539D42-8A49-4641-8C90-71FDA6F6111E}.Windows|x64.ActiveCfg = Release|Any CPU
		{C5539D42-8A49-4641-8C90-71FDA6F6111E}.Windows|x86.ActiveCfg = Release|Any CPU
		{AD06BEF8-9E35-4C57-AD52-CDF21DE9937B}.Debug|Any CPU.ActiveCfg = Debug|Any CPU
		{AD06BEF8-9E35-4C57-AD52-CDF21DE9937B}.Debug|Any CPU.Build.0 = Debug|Any CPU
		{AD06BEF8-9E35-4C57-AD52-CDF21DE9937B}.Debug|Mixed Platforms.ActiveCfg = Debug|Any CPU
		{AD06BEF8-9E35-4C57-AD52-CDF21DE9937B}.Debug|Mixed Platforms.Build.0 = Debug|Any CPU
		{AD06BEF8-9E35-4C57-AD52-CDF21DE9937B}.Debug|x64.ActiveCfg = Debug|x64
		{AD06BEF8-9E35-4C57-AD52-CDF21DE9937B}.Debug|x64.Build.0 = Debug|x64
		{AD06BEF8-9E35-4C57-AD52-CDF21DE9937B}.Debug|x86.ActiveCfg = Debug|Any CPU
		{AD06BEF8-9E35-4C57-AD52-CDF21DE9937B}.OSX-Linux|Any CPU.ActiveCfg = Release|Any CPU
		{AD06BEF8-9E35-4C57-AD52-CDF21DE9937B}.OSX-Linux|Any CPU.Build.0 = Release|Any CPU
		{AD06BEF8-9E35-4C57-AD52-CDF21DE9937B}.OSX-Linux|Mixed Platforms.ActiveCfg = Release|Any CPU
		{AD06BEF8-9E35-4C57-AD52-CDF21DE9937B}.OSX-Linux|Mixed Platforms.Build.0 = Release|Any CPU
		{AD06BEF8-9E35-4C57-AD52-CDF21DE9937B}.OSX-Linux|x64.ActiveCfg = Release|Any CPU
		{AD06BEF8-9E35-4C57-AD52-CDF21DE9937B}.OSX-Linux|x86.ActiveCfg = Release|Any CPU
		{AD06BEF8-9E35-4C57-AD52-CDF21DE9937B}.Profile|Any CPU.ActiveCfg = Profile|Any CPU
		{AD06BEF8-9E35-4C57-AD52-CDF21DE9937B}.Profile|Any CPU.Build.0 = Profile|Any CPU
		{AD06BEF8-9E35-4C57-AD52-CDF21DE9937B}.Profile|Mixed Platforms.ActiveCfg = Profile|Any CPU
		{AD06BEF8-9E35-4C57-AD52-CDF21DE9937B}.Profile|Mixed Platforms.Build.0 = Profile|Any CPU
		{AD06BEF8-9E35-4C57-AD52-CDF21DE9937B}.Profile|x64.ActiveCfg = Profile|x64
		{AD06BEF8-9E35-4C57-AD52-CDF21DE9937B}.Profile|x64.Build.0 = Profile|x64
		{AD06BEF8-9E35-4C57-AD52-CDF21DE9937B}.Profile|x86.ActiveCfg = Profile|Any CPU
		{AD06BEF8-9E35-4C57-AD52-CDF21DE9937B}.Release|Any CPU.ActiveCfg = Release|Any CPU
		{AD06BEF8-9E35-4C57-AD52-CDF21DE9937B}.Release|Any CPU.Build.0 = Release|Any CPU
		{AD06BEF8-9E35-4C57-AD52-CDF21DE9937B}.Release|Mixed Platforms.ActiveCfg = Release|Any CPU
		{AD06BEF8-9E35-4C57-AD52-CDF21DE9937B}.Release|Mixed Platforms.Build.0 = Release|Any CPU
		{AD06BEF8-9E35-4C57-AD52-CDF21DE9937B}.Release|x64.ActiveCfg = Release|Any CPU
		{AD06BEF8-9E35-4C57-AD52-CDF21DE9937B}.Release|x86.ActiveCfg = Release|Any CPU
		{AD06BEF8-9E35-4C57-AD52-CDF21DE9937B}.Windows|Any CPU.ActiveCfg = Release|Any CPU
		{AD06BEF8-9E35-4C57-AD52-CDF21DE9937B}.Windows|Any CPU.Build.0 = Release|Any CPU
		{AD06BEF8-9E35-4C57-AD52-CDF21DE9937B}.Windows|Mixed Platforms.ActiveCfg = Release|Any CPU
		{AD06BEF8-9E35-4C57-AD52-CDF21DE9937B}.Windows|Mixed Platforms.Build.0 = Release|Any CPU
		{AD06BEF8-9E35-4C57-AD52-CDF21DE9937B}.Windows|x64.ActiveCfg = Release|Any CPU
		{AD06BEF8-9E35-4C57-AD52-CDF21DE9937B}.Windows|x86.ActiveCfg = Release|Any CPU
		{9834063F-E295-4549-9CD4-BDE7F472DB91}.Debug|Any CPU.ActiveCfg = Debug|Any CPU
		{9834063F-E295-4549-9CD4-BDE7F472DB91}.Debug|Any CPU.Build.0 = Debug|Any CPU
		{9834063F-E295-4549-9CD4-BDE7F472DB91}.Debug|Mixed Platforms.ActiveCfg = Debug|Any CPU
		{9834063F-E295-4549-9CD4-BDE7F472DB91}.Debug|Mixed Platforms.Build.0 = Debug|Any CPU
		{9834063F-E295-4549-9CD4-BDE7F472DB91}.Debug|x64.ActiveCfg = Debug|x64
		{9834063F-E295-4549-9CD4-BDE7F472DB91}.Debug|x64.Build.0 = Debug|x64
		{9834063F-E295-4549-9CD4-BDE7F472DB91}.Debug|x86.ActiveCfg = Debug|Any CPU
		{9834063F-E295-4549-9CD4-BDE7F472DB91}.OSX-Linux|Any CPU.ActiveCfg = Release|Any CPU
		{9834063F-E295-4549-9CD4-BDE7F472DB91}.OSX-Linux|Any CPU.Build.0 = Release|Any CPU
		{9834063F-E295-4549-9CD4-BDE7F472DB91}.OSX-Linux|Mixed Platforms.ActiveCfg = Release|Any CPU
		{9834063F-E295-4549-9CD4-BDE7F472DB91}.OSX-Linux|Mixed Platforms.Build.0 = Release|Any CPU
		{9834063F-E295-4549-9CD4-BDE7F472DB91}.OSX-Linux|x64.ActiveCfg = Release|Any CPU
		{9834063F-E295-4549-9CD4-BDE7F472DB91}.OSX-Linux|x86.ActiveCfg = Release|Any CPU
		{9834063F-E295-4549-9CD4-BDE7F472DB91}.Profile|Any CPU.ActiveCfg = Profile|Any CPU
		{9834063F-E295-4549-9CD4-BDE7F472DB91}.Profile|Any CPU.Build.0 = Profile|Any CPU
		{9834063F-E295-4549-9CD4-BDE7F472DB91}.Profile|Mixed Platforms.ActiveCfg = Profile|Any CPU
		{9834063F-E295-4549-9CD4-BDE7F472DB91}.Profile|Mixed Platforms.Build.0 = Profile|Any CPU
		{9834063F-E295-4549-9CD4-BDE7F472DB91}.Profile|x64.ActiveCfg = Profile|x64
		{9834063F-E295-4549-9CD4-BDE7F472DB91}.Profile|x64.Build.0 = Profile|x64
		{9834063F-E295-4549-9CD4-BDE7F472DB91}.Profile|x86.ActiveCfg = Profile|Any CPU
		{9834063F-E295-4549-9CD4-BDE7F472DB91}.Release|Any CPU.ActiveCfg = Release|Any CPU
		{9834063F-E295-4549-9CD4-BDE7F472DB91}.Release|Any CPU.Build.0 = Release|Any CPU
		{9834063F-E295-4549-9CD4-BDE7F472DB91}.Release|Mixed Platforms.ActiveCfg = Release|Any CPU
		{9834063F-E295-4549-9CD4-BDE7F472DB91}.Release|Mixed Platforms.Build.0 = Release|Any CPU
		{9834063F-E295-4549-9CD4-BDE7F472DB91}.Release|x64.ActiveCfg = Release|Any CPU
		{9834063F-E295-4549-9CD4-BDE7F472DB91}.Release|x86.ActiveCfg = Release|Any CPU
		{9834063F-E295-4549-9CD4-BDE7F472DB91}.Windows|Any CPU.ActiveCfg = Release|Any CPU
		{9834063F-E295-4549-9CD4-BDE7F472DB91}.Windows|Any CPU.Build.0 = Release|Any CPU
		{9834063F-E295-4549-9CD4-BDE7F472DB91}.Windows|Mixed Platforms.ActiveCfg = Release|Any CPU
		{9834063F-E295-4549-9CD4-BDE7F472DB91}.Windows|Mixed Platforms.Build.0 = Release|Any CPU
		{9834063F-E295-4549-9CD4-BDE7F472DB91}.Windows|x64.ActiveCfg = Release|Any CPU
		{9834063F-E295-4549-9CD4-BDE7F472DB91}.Windows|x86.ActiveCfg = Release|Any CPU
		{7DE47032-A904-4C29-BD22-2D235E8D91BA}.Debug|Any CPU.ActiveCfg = Debug|Any CPU
		{7DE47032-A904-4C29-BD22-2D235E8D91BA}.Debug|Any CPU.Build.0 = Debug|Any CPU
		{7DE47032-A904-4C29-BD22-2D235E8D91BA}.Debug|Mixed Platforms.ActiveCfg = Debug|Any CPU
		{7DE47032-A904-4C29-BD22-2D235E8D91BA}.Debug|Mixed Platforms.Build.0 = Debug|Any CPU
		{7DE47032-A904-4C29-BD22-2D235E8D91BA}.Debug|x64.ActiveCfg = Debug|Any CPU
		{7DE47032-A904-4C29-BD22-2D235E8D91BA}.Debug|x64.Build.0 = Debug|Any CPU
		{7DE47032-A904-4C29-BD22-2D235E8D91BA}.Debug|x86.ActiveCfg = Debug|Any CPU
		{7DE47032-A904-4C29-BD22-2D235E8D91BA}.OSX-Linux|Any CPU.ActiveCfg = Release|Any CPU
		{7DE47032-A904-4C29-BD22-2D235E8D91BA}.OSX-Linux|Any CPU.Build.0 = Release|Any CPU
		{7DE47032-A904-4C29-BD22-2D235E8D91BA}.OSX-Linux|Mixed Platforms.ActiveCfg = Release|Any CPU
		{7DE47032-A904-4C29-BD22-2D235E8D91BA}.OSX-Linux|Mixed Platforms.Build.0 = Release|Any CPU
		{7DE47032-A904-4C29-BD22-2D235E8D91BA}.OSX-Linux|x64.ActiveCfg = Release|Any CPU
		{7DE47032-A904-4C29-BD22-2D235E8D91BA}.OSX-Linux|x86.ActiveCfg = Release|Any CPU
		{7DE47032-A904-4C29-BD22-2D235E8D91BA}.Profile|Any CPU.ActiveCfg = Release|Any CPU
		{7DE47032-A904-4C29-BD22-2D235E8D91BA}.Profile|Any CPU.Build.0 = Release|Any CPU
		{7DE47032-A904-4C29-BD22-2D235E8D91BA}.Profile|Mixed Platforms.ActiveCfg = Release|Any CPU
		{7DE47032-A904-4C29-BD22-2D235E8D91BA}.Profile|Mixed Platforms.Build.0 = Release|Any CPU
		{7DE47032-A904-4C29-BD22-2D235E8D91BA}.Profile|x64.ActiveCfg = Release|Any CPU
		{7DE47032-A904-4C29-BD22-2D235E8D91BA}.Profile|x86.ActiveCfg = Release|Any CPU
		{7DE47032-A904-4C29-BD22-2D235E8D91BA}.Release|Any CPU.ActiveCfg = Release|Any CPU
		{7DE47032-A904-4C29-BD22-2D235E8D91BA}.Release|Any CPU.Build.0 = Release|Any CPU
		{7DE47032-A904-4C29-BD22-2D235E8D91BA}.Release|Mixed Platforms.ActiveCfg = Release|Any CPU
		{7DE47032-A904-4C29-BD22-2D235E8D91BA}.Release|Mixed Platforms.Build.0 = Release|Any CPU
		{7DE47032-A904-4C29-BD22-2D235E8D91BA}.Release|x64.ActiveCfg = Release|Any CPU
		{7DE47032-A904-4C29-BD22-2D235E8D91BA}.Release|x86.ActiveCfg = Release|Any CPU
		{7DE47032-A904-4C29-BD22-2D235E8D91BA}.Windows|Any CPU.ActiveCfg = Release|Any CPU
		{7DE47032-A904-4C29-BD22-2D235E8D91BA}.Windows|Any CPU.Build.0 = Release|Any CPU
		{7DE47032-A904-4C29-BD22-2D235E8D91BA}.Windows|Mixed Platforms.ActiveCfg = Release|Any CPU
		{7DE47032-A904-4C29-BD22-2D235E8D91BA}.Windows|Mixed Platforms.Build.0 = Release|Any CPU
		{7DE47032-A904-4C29-BD22-2D235E8D91BA}.Windows|x64.ActiveCfg = Release|Any CPU
		{7DE47032-A904-4C29-BD22-2D235E8D91BA}.Windows|x86.ActiveCfg = Release|Any CPU
		{B950DE10-AC5D-4BD9-B817-51247C4A732D}.Debug|Any CPU.ActiveCfg = Debug|Any CPU
		{B950DE10-AC5D-4BD9-B817-51247C4A732D}.Debug|Any CPU.Build.0 = Debug|Any CPU
		{B950DE10-AC5D-4BD9-B817-51247C4A732D}.Debug|Mixed Platforms.ActiveCfg = Debug|Any CPU
		{B950DE10-AC5D-4BD9-B817-51247C4A732D}.Debug|Mixed Platforms.Build.0 = Debug|Any CPU
		{B950DE10-AC5D-4BD9-B817-51247C4A732D}.Debug|x64.ActiveCfg = Debug|Any CPU
		{B950DE10-AC5D-4BD9-B817-51247C4A732D}.Debug|x64.Build.0 = Debug|Any CPU
		{B950DE10-AC5D-4BD9-B817-51247C4A732D}.Debug|x86.ActiveCfg = Debug|Any CPU
		{B950DE10-AC5D-4BD9-B817-51247C4A732D}.OSX-Linux|Any CPU.ActiveCfg = Release|Any CPU
		{B950DE10-AC5D-4BD9-B817-51247C4A732D}.OSX-Linux|Any CPU.Build.0 = Release|Any CPU
		{B950DE10-AC5D-4BD9-B817-51247C4A732D}.OSX-Linux|Mixed Platforms.ActiveCfg = Release|Any CPU
		{B950DE10-AC5D-4BD9-B817-51247C4A732D}.OSX-Linux|Mixed Platforms.Build.0 = Release|Any CPU
		{B950DE10-AC5D-4BD9-B817-51247C4A732D}.OSX-Linux|x64.ActiveCfg = Release|Any CPU
		{B950DE10-AC5D-4BD9-B817-51247C4A732D}.OSX-Linux|x86.ActiveCfg = Release|Any CPU
		{B950DE10-AC5D-4BD9-B817-51247C4A732D}.Profile|Any CPU.ActiveCfg = Release|Any CPU
		{B950DE10-AC5D-4BD9-B817-51247C4A732D}.Profile|Any CPU.Build.0 = Release|Any CPU
		{B950DE10-AC5D-4BD9-B817-51247C4A732D}.Profile|Mixed Platforms.ActiveCfg = Release|Any CPU
		{B950DE10-AC5D-4BD9-B817-51247C4A732D}.Profile|Mixed Platforms.Build.0 = Release|Any CPU
		{B950DE10-AC5D-4BD9-B817-51247C4A732D}.Profile|x64.ActiveCfg = Release|Any CPU
		{B950DE10-AC5D-4BD9-B817-51247C4A732D}.Profile|x86.ActiveCfg = Release|Any CPU
		{B950DE10-AC5D-4BD9-B817-51247C4A732D}.Release|Any CPU.ActiveCfg = Release|Any CPU
		{B950DE10-AC5D-4BD9-B817-51247C4A732D}.Release|Any CPU.Build.0 = Release|Any CPU
		{B950DE10-AC5D-4BD9-B817-51247C4A732D}.Release|Mixed Platforms.ActiveCfg = Release|Any CPU
		{B950DE10-AC5D-4BD9-B817-51247C4A732D}.Release|Mixed Platforms.Build.0 = Release|Any CPU
		{B950DE10-AC5D-4BD9-B817-51247C4A732D}.Release|x64.ActiveCfg = Release|Any CPU
		{B950DE10-AC5D-4BD9-B817-51247C4A732D}.Release|x86.ActiveCfg = Release|Any CPU
		{B950DE10-AC5D-4BD9-B817-51247C4A732D}.Windows|Any CPU.ActiveCfg = Release|Any CPU
		{B950DE10-AC5D-4BD9-B817-51247C4A732D}.Windows|Any CPU.Build.0 = Release|Any CPU
		{B950DE10-AC5D-4BD9-B817-51247C4A732D}.Windows|Mixed Platforms.ActiveCfg = Release|Any CPU
		{B950DE10-AC5D-4BD9-B817-51247C4A732D}.Windows|Mixed Platforms.Build.0 = Release|Any CPU
		{B950DE10-AC5D-4BD9-B817-51247C4A732D}.Windows|x64.ActiveCfg = Release|Any CPU
		{B950DE10-AC5D-4BD9-B817-51247C4A732D}.Windows|x86.ActiveCfg = Release|Any CPU
	EndGlobalSection
	GlobalSection(SolutionProperties) = preSolution
		HideSolutionNode = FALSE
	EndGlobalSection
EndGlobal
